
Microsoft Visual Studio Solution File, Format Version 12.00
# Visual Studio 14
VisualStudioVersion = 14.0.25420.1
MinimumVisualStudioVersion = 10.0.40219.1
Project("{2150E333-8FDC-42A3-9474-1A3956D46DE8}") = "src", "src", "{ADA8E67C-A5AE-4514-A4E3-208816917219}"
EndProject
Project("{2150E333-8FDC-42A3-9474-1A3956D46DE8}") = "Solution Items", "Solution Items", "{E1B84E87-E4AE-4BA2-A998-3A5D3408D347}"
	ProjectSection(SolutionItems) = preProject
		global.json = global.json
		NuGet.Config = NuGet.Config
	EndProjectSection
EndProject
Project("{8BB2217D-0F2D-49D1-97BC-3654ED321F3B}") = "OAuth.AspNet.AuthServer", "src\OAuth.AspNet.AuthServer\OAuth.AspNet.AuthServer.xproj", "{2F28B9F3-165B-4396-BF21-1B3C6AB09FB5}"
EndProject
Project("{8BB2217D-0F2D-49D1-97BC-3654ED321F3B}") = "OAuth.AspNet.Tokens", "src\OAuth.AspNet.Tokens\OAuth.AspNet.Tokens.xproj", "{C3B237E7-50A1-4EA7-A63B-24075519B6E3}"
EndProject
Project("{8BB2217D-0F2D-49D1-97BC-3654ED321F3B}") = "OAuth.Owin.Tokens", "src\OAuth.Owin.Tokens\OAuth.Owin.Tokens.xproj", "{FD88A683-F0AA-4A0C-A955-4E4EEB88592E}"
EndProject
Project("{2150E333-8FDC-42A3-9474-1A3956D46DE8}") = "samples", "samples", "{8AEF4F7B-1A9E-4210-8202-6E074A15DA28}"
EndProject
Project("{FAE04EC0-301F-11D3-BF4B-00C04F79EFBC}") = "Constants.Legacy", "samples\Constants.Legacy\Constants.Legacy.csproj", "{D9D8D782-36A4-46DC-8285-ED3C99DE7D69}"
EndProject
Project("{FAE04EC0-301F-11D3-BF4B-00C04F79EFBC}") = "ResourceServer1", "samples\ResourceServer1\ResourceServer1.csproj", "{EDA4B36F-10C9-430F-AEF7-6DFAFE733824}"
EndProject
Project("{8BB2217D-0F2D-49D1-97BC-3654ED321F3B}") = "ResourceServer2", "samples\ResourceServer2\ResourceServer2.xproj", "{7FAB56CC-F43F-422D-9AD5-99AD5FCB7166}"
EndProject
Project("{FAE04EC0-301F-11D3-BF4B-00C04F79EFBC}") = "ImplicitGrantClient1", "samples\ImplicitGrantClient1\ImplicitGrantClient1.csproj", "{7F892BDA-1711-4B9C-A982-7A7CD2675A09}"
EndProject
Project("{FAE04EC0-301F-11D3-BF4B-00C04F79EFBC}") = "AuthorizationCodeGrantClient1", "samples\AuthorizationCodeGrantClient1\AuthorizationCodeGrantClient1.csproj", "{242AFCD8-1CBA-4988-9C3E-E672BDABB924}"
EndProject
Project("{8BB2217D-0F2D-49D1-97BC-3654ED321F3B}") = "ImplicitGrantClient2", "samples\ImplicitGrantClient2\ImplicitGrantClient2.xproj", "{C2F7B815-0FB7-4E49-8F0B-01161F13C68D}"
EndProject
Project("{FAE04EC0-301F-11D3-BF4B-00C04F79EFBC}") = "ResourceOwnerPasswordCredentialsGrantClient1", "samples\ResourceOwnerPasswordCredentialsGrantClient1\ResourceOwnerPasswordCredentialsGrantClient1.csproj", "{9C529397-FEF2-4217-8A87-0669D0B93A58}"
EndProject
Project("{FAE04EC0-301F-11D3-BF4B-00C04F79EFBC}") = "ClientCredentialsGrantClient1", "samples\ClientCredentialsGrantClient1\ClientCredentialsGrantClient1.csproj", "{B8E24D93-12DF-490F-BD03-7E2EFC641298}"
EndProject
Project("{FAE04EC0-301F-11D3-BF4B-00C04F79EFBC}") = "OAuth.Owin.Tokens.Legacy", "samples\OAuth.Owin.Tokens.Legacy\OAuth.Owin.Tokens.Legacy.csproj", "{9AEA1A21-3A23-419E-82EF-CB873357C8F0}"
EndProject
Project("{8BB2217D-0F2D-49D1-97BC-3654ED321F3B}") = "AuthorizationServer", "samples\AuthorizationServer\AuthorizationServer.xproj", "{E241FCAF-EF68-4CA2-9719-367CED78EE11}"
EndProject
Project("{8BB2217D-0F2D-49D1-97BC-3654ED321F3B}") = "Constants", "samples\Constants\Constants.xproj", "{1C640A8F-9574-4BB6-8565-CE30AACB892E}"
EndProject
Global
	GlobalSection(SolutionConfigurationPlatforms) = preSolution
		Debug|Any CPU = Debug|Any CPU
		Release|Any CPU = Release|Any CPU
	EndGlobalSection
	GlobalSection(ProjectConfigurationPlatforms) = postSolution
		{2F28B9F3-165B-4396-BF21-1B3C6AB09FB5}.Debug|Any CPU.ActiveCfg = Debug|Any CPU
		{2F28B9F3-165B-4396-BF21-1B3C6AB09FB5}.Debug|Any CPU.Build.0 = Debug|Any CPU
		{2F28B9F3-165B-4396-BF21-1B3C6AB09FB5}.Release|Any CPU.ActiveCfg = Release|Any CPU
		{2F28B9F3-165B-4396-BF21-1B3C6AB09FB5}.Release|Any CPU.Build.0 = Release|Any CPU
		{C3B237E7-50A1-4EA7-A63B-24075519B6E3}.Debug|Any CPU.ActiveCfg = Debug|Any CPU
		{C3B237E7-50A1-4EA7-A63B-24075519B6E3}.Debug|Any CPU.Build.0 = Debug|Any CPU
		{C3B237E7-50A1-4EA7-A63B-24075519B6E3}.Release|Any CPU.ActiveCfg = Release|Any CPU
		{C3B237E7-50A1-4EA7-A63B-24075519B6E3}.Release|Any CPU.Build.0 = Release|Any CPU
		{FD88A683-F0AA-4A0C-A955-4E4EEB88592E}.Debug|Any CPU.ActiveCfg = Debug|Any CPU
		{FD88A683-F0AA-4A0C-A955-4E4EEB88592E}.Debug|Any CPU.Build.0 = Debug|Any CPU
		{FD88A683-F0AA-4A0C-A955-4E4EEB88592E}.Release|Any CPU.ActiveCfg = Release|Any CPU
		{FD88A683-F0AA-4A0C-A955-4E4EEB88592E}.Release|Any CPU.Build.0 = Release|Any CPU
		{D9D8D782-36A4-46DC-8285-ED3C99DE7D69}.Debug|Any CPU.ActiveCfg = Debug|Any CPU
		{D9D8D782-36A4-46DC-8285-ED3C99DE7D69}.Debug|Any CPU.Build.0 = Debug|Any CPU
		{D9D8D782-36A4-46DC-8285-ED3C99DE7D69}.Release|Any CPU.ActiveCfg = Release|Any CPU
		{D9D8D782-36A4-46DC-8285-ED3C99DE7D69}.Release|Any CPU.Build.0 = Release|Any CPU
		{EDA4B36F-10C9-430F-AEF7-6DFAFE733824}.Debug|Any CPU.ActiveCfg = Debug|Any CPU
		{EDA4B36F-10C9-430F-AEF7-6DFAFE733824}.Debug|Any CPU.Build.0 = Debug|Any CPU
		{EDA4B36F-10C9-430F-AEF7-6DFAFE733824}.Release|Any CPU.ActiveCfg = Release|Any CPU
		{EDA4B36F-10C9-430F-AEF7-6DFAFE733824}.Release|Any CPU.Build.0 = Release|Any CPU
		{7FAB56CC-F43F-422D-9AD5-99AD5FCB7166}.Debug|Any CPU.ActiveCfg = Debug|Any CPU
		{7FAB56CC-F43F-422D-9AD5-99AD5FCB7166}.Debug|Any CPU.Build.0 = Debug|Any CPU
		{7FAB56CC-F43F-422D-9AD5-99AD5FCB7166}.Release|Any CPU.ActiveCfg = Release|Any CPU
		{7FAB56CC-F43F-422D-9AD5-99AD5FCB7166}.Release|Any CPU.Build.0 = Release|Any CPU
		{7F892BDA-1711-4B9C-A982-7A7CD2675A09}.Debug|Any CPU.ActiveCfg = Debug|Any CPU
		{7F892BDA-1711-4B9C-A982-7A7CD2675A09}.Debug|Any CPU.Build.0 = Debug|Any CPU
		{7F892BDA-1711-4B9C-A982-7A7CD2675A09}.Release|Any CPU.ActiveCfg = Release|Any CPU
		{7F892BDA-1711-4B9C-A982-7A7CD2675A09}.Release|Any CPU.Build.0 = Release|Any CPU
		{242AFCD8-1CBA-4988-9C3E-E672BDABB924}.Debug|Any CPU.ActiveCfg = Debug|Any CPU
		{242AFCD8-1CBA-4988-9C3E-E672BDABB924}.Debug|Any CPU.Build.0 = Debug|Any CPU
		{242AFCD8-1CBA-4988-9C3E-E672BDABB924}.Release|Any CPU.ActiveCfg = Release|Any CPU
		{242AFCD8-1CBA-4988-9C3E-E672BDABB924}.Release|Any CPU.Build.0 = Release|Any CPU
		{C2F7B815-0FB7-4E49-8F0B-01161F13C68D}.Debug|Any CPU.ActiveCfg = Debug|Any CPU
		{C2F7B815-0FB7-4E49-8F0B-01161F13C68D}.Debug|Any CPU.Build.0 = Debug|Any CPU
		{C2F7B815-0FB7-4E49-8F0B-01161F13C68D}.Release|Any CPU.ActiveCfg = Release|Any CPU
		{C2F7B815-0FB7-4E49-8F0B-01161F13C68D}.Release|Any CPU.Build.0 = Release|Any CPU
		{9C529397-FEF2-4217-8A87-0669D0B93A58}.Debug|Any CPU.ActiveCfg = Debug|Any CPU
		{9C529397-FEF2-4217-8A87-0669D0B93A58}.Debug|Any CPU.Build.0 = Debug|Any CPU
		{9C529397-FEF2-4217-8A87-0669D0B93A58}.Release|Any CPU.ActiveCfg = Release|Any CPU
		{9C529397-FEF2-4217-8A87-0669D0B93A58}.Release|Any CPU.Build.0 = Release|Any CPU
		{B8E24D93-12DF-490F-BD03-7E2EFC641298}.Debug|Any CPU.ActiveCfg = Debug|Any CPU
		{B8E24D93-12DF-490F-BD03-7E2EFC641298}.Debug|Any CPU.Build.0 = Debug|Any CPU
		{B8E24D93-12DF-490F-BD03-7E2EFC641298}.Release|Any CPU.ActiveCfg = Release|Any CPU
		{B8E24D93-12DF-490F-BD03-7E2EFC641298}.Release|Any CPU.Build.0 = Release|Any CPU
		{9AEA1A21-3A23-419E-82EF-CB873357C8F0}.Debug|Any CPU.ActiveCfg = Debug|Any CPU
		{9AEA1A21-3A23-419E-82EF-CB873357C8F0}.Debug|Any CPU.Build.0 = Debug|Any CPU
		{9AEA1A21-3A23-419E-82EF-CB873357C8F0}.Release|Any CPU.ActiveCfg = Release|Any CPU
		{9AEA1A21-3A23-419E-82EF-CB873357C8F0}.Release|Any CPU.Build.0 = Release|Any CPU
		{E241FCAF-EF68-4CA2-9719-367CED78EE11}.Debug|Any CPU.ActiveCfg = Debug|Any CPU
		{E241FCAF-EF68-4CA2-9719-367CED78EE11}.Debug|Any CPU.Build.0 = Debug|Any CPU
		{E241FCAF-EF68-4CA2-9719-367CED78EE11}.Release|Any CPU.ActiveCfg = Release|Any CPU
		{E241FCAF-EF68-4CA2-9719-367CED78EE11}.Release|Any CPU.Build.0 = Release|Any CPU
		{1C640A8F-9574-4BB6-8565-CE30AACB892E}.Debug|Any CPU.ActiveCfg = Debug|Any CPU
		{1C640A8F-9574-4BB6-8565-CE30AACB892E}.Debug|Any CPU.Build.0 = Debug|Any CPU
		{1C640A8F-9574-4BB6-8565-CE30AACB892E}.Release|Any CPU.ActiveCfg = Release|Any CPU
		{1C640A8F-9574-4BB6-8565-CE30AACB892E}.Release|Any CPU.Build.0 = Release|Any CPU
	EndGlobalSection
	GlobalSection(SolutionProperties) = preSolution
		HideSolutionNode = FALSE
	EndGlobalSection
	GlobalSection(NestedProjects) = preSolution
		{2F28B9F3-165B-4396-BF21-1B3C6AB09FB5} = {ADA8E67C-A5AE-4514-A4E3-208816917219}
		{C3B237E7-50A1-4EA7-A63B-24075519B6E3} = {ADA8E67C-A5AE-4514-A4E3-208816917219}
		{FD88A683-F0AA-4A0C-A955-4E4EEB88592E} = {ADA8E67C-A5AE-4514-A4E3-208816917219}
		{D9D8D782-36A4-46DC-8285-ED3C99DE7D69} = {8AEF4F7B-1A9E-4210-8202-6E074A15DA28}
		{EDA4B36F-10C9-430F-AEF7-6DFAFE733824} = {8AEF4F7B-1A9E-4210-8202-6E074A15DA28}
		{7FAB56CC-F43F-422D-9AD5-99AD5FCB7166} = {8AEF4F7B-1A9E-4210-8202-6E074A15DA28}
		{7F892BDA-1711-4B9C-A982-7A7CD2675A09} = {8AEF4F7B-1A9E-4210-8202-6E074A15DA28}
		{242AFCD8-1CBA-4988-9C3E-E672BDABB924} = {8AEF4F7B-1A9E-4210-8202-6E074A15DA28}
		{C2F7B815-0FB7-4E49-8F0B-01161F13C68D} = {8AEF4F7B-1A9E-4210-8202-6E074A15DA28}
		{9C529397-FEF2-4217-8A87-0669D0B93A58} = {8AEF4F7B-1A9E-4210-8202-6E074A15DA28}
		{B8E24D93-12DF-490F-BD03-7E2EFC641298} = {8AEF4F7B-1A9E-4210-8202-6E074A15DA28}
		{9AEA1A21-3A23-419E-82EF-CB873357C8F0} = {8AEF4F7B-1A9E-4210-8202-6E074A15DA28}
		{E241FCAF-EF68-4CA2-9719-367CED78EE11} = {8AEF4F7B-1A9E-4210-8202-6E074A15DA28}
		{1C640A8F-9574-4BB6-8565-CE30AACB892E} = {8AEF4F7B-1A9E-4210-8202-6E074A15DA28}
	EndGlobalSection
EndGlobal
