
Microsoft Visual Studio Solution File, Format Version 12.00
# Visual Studio 15
VisualStudioVersion = 15.0.26430.16
MinimumVisualStudioVersion = 10.0.40219.1
Project("{2150E333-8FDC-42A3-9474-1A3956D46DE8}") = "src", "src", "{841F6FBC-5CA5-4A8E-873D-8CBF9F85B215}"
EndProject
Project("{9A19103F-16F7-4668-BE54-9A1E7A4F7556}") = "OAuth.AspNet.AuthServer", "src\OAuth.AspNet.AuthServer\OAuth.AspNet.AuthServer.csproj", "{0395DCC2-1FA5-4558-A92C-3F822B5445BD}"
EndProject
Project("{9A19103F-16F7-4668-BE54-9A1E7A4F7556}") = "OAuth.AspNet.Tokens", "src\OAuth.AspNet.Tokens\OAuth.AspNet.Tokens.csproj", "{4406CD6B-9CB2-4C77-BEF9-871D200E522A}"
EndProject
Project("{9A19103F-16F7-4668-BE54-9A1E7A4F7556}") = "OAuth.Owin.Tokens", "src\OAuth.Owin.Tokens\OAuth.Owin.Tokens.csproj", "{727E8B5E-F925-4E20-8D12-145B4BD1F9DA}"
EndProject
Project("{2150E333-8FDC-42A3-9474-1A3956D46DE8}") = "samples", "samples", "{B7E89BF1-5B45-4975-88F3-F13DFF262FF9}"
EndProject
Project("{9A19103F-16F7-4668-BE54-9A1E7A4F7556}") = "Constants", "samples\Constants\Constants.csproj", "{F71D7BDE-98A1-4589-B243-CF6BD081AC56}"
EndProject
Project("{9A19103F-16F7-4668-BE54-9A1E7A4F7556}") = "AuthorizationServer", "samples\AuthorizationServer\AuthorizationServer.csproj", "{1443BC4B-0709-42F8-A15F-57EC1840658D}"
EndProject
Project("{9A19103F-16F7-4668-BE54-9A1E7A4F7556}") = "ImplicitGrantClient2", "samples\ImplicitGrantClient2\ImplicitGrantClient2.csproj", "{A25976D9-B489-404B-95E0-B44C0AA9C50D}"
EndProject
Project("{9A19103F-16F7-4668-BE54-9A1E7A4F7556}") = "ResourceServer2", "samples\ResourceServer2\ResourceServer2.csproj", "{09F96A9F-7C05-4DB5-9A2B-02B9FF3B5F84}"
EndProject
Project("{2150E333-8FDC-42A3-9474-1A3956D46DE8}") = "docs", "docs", "{B0A2D2BD-1471-417F-AEA0-9ECB385DE486}"
	ProjectSection(SolutionItems) = preProject
		README.md = README.md
	EndProjectSection
EndProject
Project("{FAE04EC0-301F-11D3-BF4B-00C04F79EFBC}") = "ResourceServer1", "samples\ResourceServer1\ResourceServer1.csproj", "{0A252844-C627-4BA8-940D-633E621CD1F8}"
EndProject
Global
	GlobalSection(SolutionConfigurationPlatforms) = preSolution
		Debug|Any CPU = Debug|Any CPU
		Release|Any CPU = Release|Any CPU
	EndGlobalSection
	GlobalSection(ProjectConfigurationPlatforms) = postSolution
		{0395DCC2-1FA5-4558-A92C-3F822B5445BD}.Debug|Any CPU.ActiveCfg = Debug|Any CPU
		{0395DCC2-1FA5-4558-A92C-3F822B5445BD}.Debug|Any CPU.Build.0 = Debug|Any CPU
		{0395DCC2-1FA5-4558-A92C-3F822B5445BD}.Release|Any CPU.ActiveCfg = Release|Any CPU
		{0395DCC2-1FA5-4558-A92C-3F822B5445BD}.Release|Any CPU.Build.0 = Release|Any CPU
		{4406CD6B-9CB2-4C77-BEF9-871D200E522A}.Debug|Any CPU.ActiveCfg = Debug|Any CPU
		{4406CD6B-9CB2-4C77-BEF9-871D200E522A}.Debug|Any CPU.Build.0 = Debug|Any CPU
		{4406CD6B-9CB2-4C77-BEF9-871D200E522A}.Release|Any CPU.ActiveCfg = Release|Any CPU
		{4406CD6B-9CB2-4C77-BEF9-871D200E522A}.Release|Any CPU.Build.0 = Release|Any CPU
		{727E8B5E-F925-4E20-8D12-145B4BD1F9DA}.Debug|Any CPU.ActiveCfg = Debug|Any CPU
		{727E8B5E-F925-4E20-8D12-145B4BD1F9DA}.Debug|Any CPU.Build.0 = Debug|Any CPU
		{727E8B5E-F925-4E20-8D12-145B4BD1F9DA}.Release|Any CPU.ActiveCfg = Release|Any CPU
		{727E8B5E-F925-4E20-8D12-145B4BD1F9DA}.Release|Any CPU.Build.0 = Release|Any CPU
		{F71D7BDE-98A1-4589-B243-CF6BD081AC56}.Debug|Any CPU.ActiveCfg = Debug|Any CPU
		{F71D7BDE-98A1-4589-B243-CF6BD081AC56}.Debug|Any CPU.Build.0 = Debug|Any CPU
		{F71D7BDE-98A1-4589-B243-CF6BD081AC56}.Release|Any CPU.ActiveCfg = Release|Any CPU
		{F71D7BDE-98A1-4589-B243-CF6BD081AC56}.Release|Any CPU.Build.0 = Release|Any CPU
		{1443BC4B-0709-42F8-A15F-57EC1840658D}.Debug|Any CPU.ActiveCfg = Debug|Any CPU
		{1443BC4B-0709-42F8-A15F-57EC1840658D}.Debug|Any CPU.Build.0 = Debug|Any CPU
		{1443BC4B-0709-42F8-A15F-57EC1840658D}.Release|Any CPU.ActiveCfg = Release|Any CPU
		{1443BC4B-0709-42F8-A15F-57EC1840658D}.Release|Any CPU.Build.0 = Release|Any CPU
		{A25976D9-B489-404B-95E0-B44C0AA9C50D}.Debug|Any CPU.ActiveCfg = Debug|Any CPU
		{A25976D9-B489-404B-95E0-B44C0AA9C50D}.Debug|Any CPU.Build.0 = Debug|Any CPU
		{A25976D9-B489-404B-95E0-B44C0AA9C50D}.Release|Any CPU.ActiveCfg = Release|Any CPU
		{A25976D9-B489-404B-95E0-B44C0AA9C50D}.Release|Any CPU.Build.0 = Release|Any CPU
		{09F96A9F-7C05-4DB5-9A2B-02B9FF3B5F84}.Debug|Any CPU.ActiveCfg = Debug|Any CPU
		{09F96A9F-7C05-4DB5-9A2B-02B9FF3B5F84}.Debug|Any CPU.Build.0 = Debug|Any CPU
		{09F96A9F-7C05-4DB5-9A2B-02B9FF3B5F84}.Release|Any CPU.ActiveCfg = Release|Any CPU
		{09F96A9F-7C05-4DB5-9A2B-02B9FF3B5F84}.Release|Any CPU.Build.0 = Release|Any CPU
		{0A252844-C627-4BA8-940D-633E621CD1F8}.Debug|Any CPU.ActiveCfg = Debug|Any CPU
		{0A252844-C627-4BA8-940D-633E621CD1F8}.Debug|Any CPU.Build.0 = Debug|Any CPU
		{0A252844-C627-4BA8-940D-633E621CD1F8}.Release|Any CPU.ActiveCfg = Release|Any CPU
		{0A252844-C627-4BA8-940D-633E621CD1F8}.Release|Any CPU.Build.0 = Release|Any CPU
	EndGlobalSection
	GlobalSection(SolutionProperties) = preSolution
		HideSolutionNode = FALSE
	EndGlobalSection
	GlobalSection(NestedProjects) = preSolution
		{0395DCC2-1FA5-4558-A92C-3F822B5445BD} = {841F6FBC-5CA5-4A8E-873D-8CBF9F85B215}
		{4406CD6B-9CB2-4C77-BEF9-871D200E522A} = {841F6FBC-5CA5-4A8E-873D-8CBF9F85B215}
		{727E8B5E-F925-4E20-8D12-145B4BD1F9DA} = {841F6FBC-5CA5-4A8E-873D-8CBF9F85B215}
		{F71D7BDE-98A1-4589-B243-CF6BD081AC56} = {B7E89BF1-5B45-4975-88F3-F13DFF262FF9}
		{1443BC4B-0709-42F8-A15F-57EC1840658D} = {B7E89BF1-5B45-4975-88F3-F13DFF262FF9}
		{A25976D9-B489-404B-95E0-B44C0AA9C50D} = {B7E89BF1-5B45-4975-88F3-F13DFF262FF9}
		{09F96A9F-7C05-4DB5-9A2B-02B9FF3B5F84} = {B7E89BF1-5B45-4975-88F3-F13DFF262FF9}
		{0A252844-C627-4BA8-940D-633E621CD1F8} = {B7E89BF1-5B45-4975-88F3-F13DFF262FF9}
	EndGlobalSection
EndGlobal
