
Microsoft Visual Studio Solution File, Format Version 12.00
# Visual Studio 15
VisualStudioVersion = 15.0.26430.16
MinimumVisualStudioVersion = 10.0.40219.1
Project("{2150E333-8FDC-42A3-9474-1A3956D46DE8}") = "src", "src", "{841F6FBC-5CA5-4A8E-873D-8CBF9F85B215}"
EndProject
Project("{FAE04EC0-301F-11D3-BF4B-00C04F79EFBC}") = "OAuth.AspNet.AuthServer", "src\OAuth.AspNet.AuthServer\OAuth.AspNet.AuthServer.csproj", "{0395DCC2-1FA5-4558-A92C-3F822B5445BD}"
EndProject
Project("{FAE04EC0-301F-11D3-BF4B-00C04F79EFBC}") = "OAuth.AspNet.Tokens", "src\OAuth.AspNet.Tokens\OAuth.AspNet.Tokens.csproj", "{4406CD6B-9CB2-4C77-BEF9-871D200E522A}"
EndProject
Project("{FAE04EC0-301F-11D3-BF4B-00C04F79EFBC}") = "OAuth.Owin.Tokens", "src\OAuth.Owin.Tokens\OAuth.Owin.Tokens.csproj", "{727E8B5E-F925-4E20-8D12-145B4BD1F9DA}"
EndProject
Global
	GlobalSection(SolutionConfigurationPlatforms) = preSolution
		Debug|Any CPU = Debug|Any CPU
		Release|Any CPU = Release|Any CPU
	EndGlobalSection
	GlobalSection(ProjectConfigurationPlatforms) = postSolution
		{0395DCC2-1FA5-4558-A92C-3F822B5445BD}.Debug|Any CPU.ActiveCfg = Debug|Any CPU
		{0395DCC2-1FA5-4558-A92C-3F822B5445BD}.Debug|Any CPU.Build.0 = Debug|Any CPU
		{0395DCC2-1FA5-4558-A92C-3F822B5445BD}.Release|Any CPU.ActiveCfg = Release|Any CPU
		{0395DCC2-1FA5-4558-A92C-3F822B5445BD}.Release|Any CPU.Build.0 = Release|Any CPU
		{4406CD6B-9CB2-4C77-BEF9-871D200E522A}.Debug|Any CPU.ActiveCfg = Debug|Any CPU
		{4406CD6B-9CB2-4C77-BEF9-871D200E522A}.Debug|Any CPU.Build.0 = Debug|Any CPU
		{4406CD6B-9CB2-4C77-BEF9-871D200E522A}.Release|Any CPU.ActiveCfg = Release|Any CPU
		{4406CD6B-9CB2-4C77-BEF9-871D200E522A}.Release|Any CPU.Build.0 = Release|Any CPU
		{727E8B5E-F925-4E20-8D12-145B4BD1F9DA}.Debug|Any CPU.ActiveCfg = Debug|Any CPU
		{727E8B5E-F925-4E20-8D12-145B4BD1F9DA}.Debug|Any CPU.Build.0 = Debug|Any CPU
		{727E8B5E-F925-4E20-8D12-145B4BD1F9DA}.Release|Any CPU.ActiveCfg = Release|Any CPU
		{727E8B5E-F925-4E20-8D12-145B4BD1F9DA}.Release|Any CPU.Build.0 = Release|Any CPU
	EndGlobalSection
	GlobalSection(SolutionProperties) = preSolution
		HideSolutionNode = FALSE
	EndGlobalSection
	GlobalSection(NestedProjects) = preSolution
		{0395DCC2-1FA5-4558-A92C-3F822B5445BD} = {841F6FBC-5CA5-4A8E-873D-8CBF9F85B215}
		{4406CD6B-9CB2-4C77-BEF9-871D200E522A} = {841F6FBC-5CA5-4A8E-873D-8CBF9F85B215}
		{727E8B5E-F925-4E20-8D12-145B4BD1F9DA} = {841F6FBC-5CA5-4A8E-873D-8CBF9F85B215}
	EndGlobalSection
EndGlobal
